
Microsoft Visual Studio Solution File, Format Version 12.00
# Visual Studio Version 17
VisualStudioVersion = 17.5.002.0
MinimumVisualStudioVersion = 10.0.40219.1
Project("{9A19103F-16F7-4668-BE54-9A1E7A4F7556}") = "Controle", "ControleEstoque\Controle.csproj", "{DF8130D5-9314-431B-8AB8-2992EF85F940}"
EndProject
Global
	GlobalSection(SolutionConfigurationPlatforms) = preSolution
		Debug|Any CPU = Debug|Any CPU
		Release|Any CPU = Release|Any CPU
	EndGlobalSection
	GlobalSection(ProjectConfigurationPlatforms) = postSolution
		{DF8130D5-9314-431B-8AB8-2992EF85F940}.Debug|Any CPU.ActiveCfg = Debug|Any CPU
		{DF8130D5-9314-431B-8AB8-2992EF85F940}.Debug|Any CPU.Build.0 = Debug|Any CPU
		{DF8130D5-9314-431B-8AB8-2992EF85F940}.Release|Any CPU.ActiveCfg = Release|Any CPU
		{DF8130D5-9314-431B-8AB8-2992EF85F940}.Release|Any CPU.Build.0 = Release|Any CPU
	EndGlobalSection
	GlobalSection(SolutionProperties) = preSolution
		HideSolutionNode = FALSE
	EndGlobalSection
	GlobalSection(ExtensibilityGlobals) = postSolution
		SolutionGuid = {D40289F9-4E9B-46FB-BCD9-644E0E4A8B48}
	EndGlobalSection
EndGlobal
