
Microsoft Visual Studio Solution File, Format Version 12.00
# Visual Studio Version 17
VisualStudioVersion = 17.5.002.0
MinimumVisualStudioVersion = 10.0.40219.1
Project("{2150E333-8FDC-42A3-9474-1A3956D46DE8}") = "Lista-de-estoque", "Lista-de-estoque", "{F78893B3-64B7-44EA-AA54-C79D56001DFB}"
EndProject
Project("{9A19103F-16F7-4668-BE54-9A1E7A4F7556}") = "Controle", "Lista-de-estoque\ControleEstoque\Controle.csproj", "{D9D9E4E7-6341-45D3-B916-AD6BBC71E5D2}"
EndProject
Global
	GlobalSection(SolutionConfigurationPlatforms) = preSolution
		Debug|Any CPU = Debug|Any CPU
		Release|Any CPU = Release|Any CPU
	EndGlobalSection
	GlobalSection(ProjectConfigurationPlatforms) = postSolution
		{D9D9E4E7-6341-45D3-B916-AD6BBC71E5D2}.Debug|Any CPU.ActiveCfg = Debug|Any CPU
		{D9D9E4E7-6341-45D3-B916-AD6BBC71E5D2}.Debug|Any CPU.Build.0 = Debug|Any CPU
		{D9D9E4E7-6341-45D3-B916-AD6BBC71E5D2}.Release|Any CPU.ActiveCfg = Release|Any CPU
		{D9D9E4E7-6341-45D3-B916-AD6BBC71E5D2}.Release|Any CPU.Build.0 = Release|Any CPU
	EndGlobalSection
	GlobalSection(SolutionProperties) = preSolution
		HideSolutionNode = FALSE
	EndGlobalSection
	GlobalSection(NestedProjects) = preSolution
		{D9D9E4E7-6341-45D3-B916-AD6BBC71E5D2} = {F78893B3-64B7-44EA-AA54-C79D56001DFB}
	EndGlobalSection
	GlobalSection(ExtensibilityGlobals) = postSolution
		SolutionGuid = {D40289F9-4E9B-46FB-BCD9-644E0E4A8B48}
	EndGlobalSection
EndGlobal
